
Microsoft Visual Studio Solution File, Format Version 12.00
# Visual Studio Version 17
VisualStudioVersion = 17.11.35327.3
MinimumVisualStudioVersion = 10.0.40219.1
Project("{FAE04EC0-301F-11D3-BF4B-00C04F79EFBC}") = "GitDemo", "GitDemo\GitDemo.csproj", "{3D10D72D-C158-4D2A-A3AF-ECF528812F55}"
EndProject
Global
	GlobalSection(SolutionConfigurationPlatforms) = preSolution
		Debug|Any CPU = Debug|Any CPU
		Release|Any CPU = Release|Any CPU
	EndGlobalSection
	GlobalSection(ProjectConfigurationPlatforms) = postSolution
		{3D10D72D-C158-4D2A-A3AF-ECF528812F55}.Debug|Any CPU.ActiveCfg = Debug|Any CPU
		{3D10D72D-C158-4D2A-A3AF-ECF528812F55}.Debug|Any CPU.Build.0 = Debug|Any CPU
		{3D10D72D-C158-4D2A-A3AF-ECF528812F55}.Release|Any CPU.ActiveCfg = Release|Any CPU
		{3D10D72D-C158-4D2A-A3AF-ECF528812F55}.Release|Any CPU.Build.0 = Release|Any CPU
	EndGlobalSection
	GlobalSection(SolutionProperties) = preSolution
		HideSolutionNode = FALSE
	EndGlobalSection
	GlobalSection(ExtensibilityGlobals) = postSolution
		SolutionGuid = {57A70E8F-0115-4381-BBD2-025D326E435C}
	EndGlobalSection
EndGlobal
